
Microsoft Visual Studio Solution File, Format Version 12.00
# Visual Studio Version 17
VisualStudioVersion = 17.5.33424.131
MinimumVisualStudioVersion = 10.0.40219.1
Project("{FAE04EC0-301F-11D3-BF4B-00C04F79EFBC}") = "Tetris", "Tetris\Tetris.csproj", "{5CC3C36A-5EB5-440D-B876-6085C0235178}"
EndProject
Global
	GlobalSection(SolutionConfigurationPlatforms) = preSolution
		Debug|Any CPU = Debug|Any CPU
		Release|Any CPU = Release|Any CPU
	EndGlobalSection
	GlobalSection(ProjectConfigurationPlatforms) = postSolution
		{5CC3C36A-5EB5-440D-B876-6085C0235178}.Debug|Any CPU.ActiveCfg = Debug|Any CPU
		{5CC3C36A-5EB5-440D-B876-6085C0235178}.Debug|Any CPU.Build.0 = Debug|Any CPU
		{5CC3C36A-5EB5-440D-B876-6085C0235178}.Release|Any CPU.ActiveCfg = Release|Any CPU
		{5CC3C36A-5EB5-440D-B876-6085C0235178}.Release|Any CPU.Build.0 = Release|Any CPU
	EndGlobalSection
	GlobalSection(SolutionProperties) = preSolution
		HideSolutionNode = FALSE
	EndGlobalSection
	GlobalSection(ExtensibilityGlobals) = postSolution
		SolutionGuid = {20697AAB-0037-4B62-974D-E6E12C0DFF81}
	EndGlobalSection
EndGlobal
